
Microsoft Visual Studio Solution File, Format Version 12.00
# Visual Studio Version 17
VisualStudioVersion = 17.5.002.0
MinimumVisualStudioVersion = 10.0.40219.1
Project("{9A19103F-16F7-4668-BE54-9A1E7A4F7556}") = "client", "client\client.csproj", "{11BB6417-51E3-45B2-82B0-82A9319AAF75}"
EndProject
Project("{9A19103F-16F7-4668-BE54-9A1E7A4F7556}") = "server", "server\server.csproj", "{7CB86443-E3E4-4B96-808B-B90BA80882B9}"
EndProject
Global
	GlobalSection(SolutionConfigurationPlatforms) = preSolution
		Debug|Any CPU = Debug|Any CPU
		Release|Any CPU = Release|Any CPU
	EndGlobalSection
	GlobalSection(ProjectConfigurationPlatforms) = postSolution
		{11BB6417-51E3-45B2-82B0-82A9319AAF75}.Debug|Any CPU.ActiveCfg = Debug|Any CPU
		{11BB6417-51E3-45B2-82B0-82A9319AAF75}.Debug|Any CPU.Build.0 = Debug|Any CPU
		{11BB6417-51E3-45B2-82B0-82A9319AAF75}.Release|Any CPU.ActiveCfg = Release|Any CPU
		{11BB6417-51E3-45B2-82B0-82A9319AAF75}.Release|Any CPU.Build.0 = Release|Any CPU
		{7CB86443-E3E4-4B96-808B-B90BA80882B9}.Debug|Any CPU.ActiveCfg = Debug|Any CPU
		{7CB86443-E3E4-4B96-808B-B90BA80882B9}.Debug|Any CPU.Build.0 = Debug|Any CPU
		{7CB86443-E3E4-4B96-808B-B90BA80882B9}.Release|Any CPU.ActiveCfg = Release|Any CPU
		{7CB86443-E3E4-4B96-808B-B90BA80882B9}.Release|Any CPU.Build.0 = Release|Any CPU
	EndGlobalSection
	GlobalSection(SolutionProperties) = preSolution
		HideSolutionNode = FALSE
	EndGlobalSection
	GlobalSection(ExtensibilityGlobals) = postSolution
		SolutionGuid = {D2957BF9-4AD2-4503-B1A1-8C4418343DEA}
	EndGlobalSection
EndGlobal
